
Microsoft Visual Studio Solution File, Format Version 12.00
# Visual Studio 2012
Project("{FAE04EC0-301F-11D3-BF4B-00C04F79EFBC}") = "OLAP_BaoCao", "OLAP_BaoCao\OLAP_BaoCao.csproj", "{127FE41A-1A79-4F56-BC61-E1EFD64A3EB1}"
EndProject
Global
	GlobalSection(SolutionConfigurationPlatforms) = preSolution
		Debug|Any CPU = Debug|Any CPU
		Release|Any CPU = Release|Any CPU
	EndGlobalSection
	GlobalSection(ProjectConfigurationPlatforms) = postSolution
		{127FE41A-1A79-4F56-BC61-E1EFD64A3EB1}.Debug|Any CPU.ActiveCfg = Debug|Any CPU
		{127FE41A-1A79-4F56-BC61-E1EFD64A3EB1}.Debug|Any CPU.Build.0 = Debug|Any CPU
		{127FE41A-1A79-4F56-BC61-E1EFD64A3EB1}.Release|Any CPU.ActiveCfg = Release|Any CPU
		{127FE41A-1A79-4F56-BC61-E1EFD64A3EB1}.Release|Any CPU.Build.0 = Release|Any CPU
	EndGlobalSection
	GlobalSection(SolutionProperties) = preSolution
		HideSolutionNode = FALSE
	EndGlobalSection
EndGlobal
